
Microsoft Visual Studio Solution File, Format Version 12.00
# Visual Studio Version 16
VisualStudioVersion = 16.0.29411.108
MinimumVisualStudioVersion = 10.0.40219.1
Project("{FAE04EC0-301F-11D3-BF4B-00C04F79EFBC}") = "prjAdmin", "prjAdmin\prjAdmin.csproj", "{422C88BF-6CC3-475D-B9F3-DC9221C2C4D4}"
EndProject
Project("{FAE04EC0-301F-11D3-BF4B-00C04F79EFBC}") = "ClassLibraryVintage", "ClassLibraryVintage\ClassLibraryVintage.csproj", "{600FC7C4-2C74-4E6E-BAFA-78EB28DFFAA4}"
EndProject
Project("{FAE04EC0-301F-11D3-BF4B-00C04F79EFBC}") = "prjBuyer", "prjBuyer\prjBuyer.csproj", "{0ED92DEB-47E8-4D1E-B7B5-32CA570A7F9B}"
EndProject
Project("{FAE04EC0-301F-11D3-BF4B-00C04F79EFBC}") = "prjSeller", "prjSeller\prjSeller.csproj", "{B6045208-95F2-40BF-B26E-58D01B65EC2A}"
EndProject
Project("{FAE04EC0-301F-11D3-BF4B-00C04F79EFBC}") = "prjLogin", "prjLogin\prjLogin.csproj", "{A60FA42F-7AB1-4644-B184-616788FFC8B2}"
EndProject
Global
	GlobalSection(SolutionConfigurationPlatforms) = preSolution
		Debug|Any CPU = Debug|Any CPU
		Release|Any CPU = Release|Any CPU
	EndGlobalSection
	GlobalSection(ProjectConfigurationPlatforms) = postSolution
		{422C88BF-6CC3-475D-B9F3-DC9221C2C4D4}.Debug|Any CPU.ActiveCfg = Debug|Any CPU
		{422C88BF-6CC3-475D-B9F3-DC9221C2C4D4}.Debug|Any CPU.Build.0 = Debug|Any CPU
		{422C88BF-6CC3-475D-B9F3-DC9221C2C4D4}.Release|Any CPU.ActiveCfg = Release|Any CPU
		{422C88BF-6CC3-475D-B9F3-DC9221C2C4D4}.Release|Any CPU.Build.0 = Release|Any CPU
		{600FC7C4-2C74-4E6E-BAFA-78EB28DFFAA4}.Debug|Any CPU.ActiveCfg = Debug|Any CPU
		{600FC7C4-2C74-4E6E-BAFA-78EB28DFFAA4}.Debug|Any CPU.Build.0 = Debug|Any CPU
		{600FC7C4-2C74-4E6E-BAFA-78EB28DFFAA4}.Release|Any CPU.ActiveCfg = Release|Any CPU
		{600FC7C4-2C74-4E6E-BAFA-78EB28DFFAA4}.Release|Any CPU.Build.0 = Release|Any CPU
		{0ED92DEB-47E8-4D1E-B7B5-32CA570A7F9B}.Debug|Any CPU.ActiveCfg = Debug|Any CPU
		{0ED92DEB-47E8-4D1E-B7B5-32CA570A7F9B}.Debug|Any CPU.Build.0 = Debug|Any CPU
		{0ED92DEB-47E8-4D1E-B7B5-32CA570A7F9B}.Release|Any CPU.ActiveCfg = Release|Any CPU
		{0ED92DEB-47E8-4D1E-B7B5-32CA570A7F9B}.Release|Any CPU.Build.0 = Release|Any CPU
		{B6045208-95F2-40BF-B26E-58D01B65EC2A}.Debug|Any CPU.ActiveCfg = Debug|Any CPU
		{B6045208-95F2-40BF-B26E-58D01B65EC2A}.Debug|Any CPU.Build.0 = Debug|Any CPU
		{B6045208-95F2-40BF-B26E-58D01B65EC2A}.Release|Any CPU.ActiveCfg = Release|Any CPU
		{B6045208-95F2-40BF-B26E-58D01B65EC2A}.Release|Any CPU.Build.0 = Release|Any CPU
		{A60FA42F-7AB1-4644-B184-616788FFC8B2}.Debug|Any CPU.ActiveCfg = Debug|Any CPU
		{A60FA42F-7AB1-4644-B184-616788FFC8B2}.Debug|Any CPU.Build.0 = Debug|Any CPU
		{A60FA42F-7AB1-4644-B184-616788FFC8B2}.Release|Any CPU.ActiveCfg = Release|Any CPU
		{A60FA42F-7AB1-4644-B184-616788FFC8B2}.Release|Any CPU.Build.0 = Release|Any CPU
	EndGlobalSection
	GlobalSection(SolutionProperties) = preSolution
		HideSolutionNode = FALSE
	EndGlobalSection
	GlobalSection(ExtensibilityGlobals) = postSolution
		SolutionGuid = {FC65FF61-AABD-4BB4-9AB6-AC7D8DCA2870}
	EndGlobalSection
EndGlobal
