
Microsoft Visual Studio Solution File, Format Version 12.00
# Visual Studio Version 16
VisualStudioVersion = 16.0.30611.23
MinimumVisualStudioVersion = 10.0.40219.1
Project("{FAE04EC0-301F-11D3-BF4B-00C04F79EFBC}") = "BoekBeheerApplication", "BoekBeheerApplication\BoekBeheerApplication.csproj", "{E073689A-3670-4D05-931F-7B7BE9D66E53}"
EndProject
Project("{FAE04EC0-301F-11D3-BF4B-00C04F79EFBC}") = "BoekBeheer.Data", "BoekBeheer.Data\BoekBeheer.Data.csproj", "{1F41FC87-3502-4E39-AC02-C931F059FA00}"
EndProject
Project("{FAE04EC0-301F-11D3-BF4B-00C04F79EFBC}") = "BoekBeheer.Business", "BoekBeheer.Business\BoekBeheer.Business.csproj", "{58CFA268-4026-4AEE-A922-4C4FE2D8F96F}"
EndProject
Project("{FAE04EC0-301F-11D3-BF4B-00C04F79EFBC}") = "BoekBeheerInterfaces", "BoekBeheerInterfaces\BoekBeheerInterfaces.csproj", "{11B5A3AD-C6DF-4562-8EEA-369AF0F1A9A8}"
EndProject
Project("{FAE04EC0-301F-11D3-BF4B-00C04F79EFBC}") = "BoekBeheerExceptions", "BoekBeheerExceptions\BoekBeheerExceptions.csproj", "{57F08C3F-2E8C-46EB-9914-181D930FA168}"
EndProject
Global
	GlobalSection(SolutionConfigurationPlatforms) = preSolution
		Debug|Any CPU = Debug|Any CPU
		Release|Any CPU = Release|Any CPU
	EndGlobalSection
	GlobalSection(ProjectConfigurationPlatforms) = postSolution
		{E073689A-3670-4D05-931F-7B7BE9D66E53}.Debug|Any CPU.ActiveCfg = Debug|Any CPU
		{E073689A-3670-4D05-931F-7B7BE9D66E53}.Debug|Any CPU.Build.0 = Debug|Any CPU
		{E073689A-3670-4D05-931F-7B7BE9D66E53}.Release|Any CPU.ActiveCfg = Release|Any CPU
		{E073689A-3670-4D05-931F-7B7BE9D66E53}.Release|Any CPU.Build.0 = Release|Any CPU
		{1F41FC87-3502-4E39-AC02-C931F059FA00}.Debug|Any CPU.ActiveCfg = Debug|Any CPU
		{1F41FC87-3502-4E39-AC02-C931F059FA00}.Debug|Any CPU.Build.0 = Debug|Any CPU
		{1F41FC87-3502-4E39-AC02-C931F059FA00}.Release|Any CPU.ActiveCfg = Release|Any CPU
		{1F41FC87-3502-4E39-AC02-C931F059FA00}.Release|Any CPU.Build.0 = Release|Any CPU
		{58CFA268-4026-4AEE-A922-4C4FE2D8F96F}.Debug|Any CPU.ActiveCfg = Debug|Any CPU
		{58CFA268-4026-4AEE-A922-4C4FE2D8F96F}.Debug|Any CPU.Build.0 = Debug|Any CPU
		{58CFA268-4026-4AEE-A922-4C4FE2D8F96F}.Release|Any CPU.ActiveCfg = Release|Any CPU
		{58CFA268-4026-4AEE-A922-4C4FE2D8F96F}.Release|Any CPU.Build.0 = Release|Any CPU
		{11B5A3AD-C6DF-4562-8EEA-369AF0F1A9A8}.Debug|Any CPU.ActiveCfg = Debug|Any CPU
		{11B5A3AD-C6DF-4562-8EEA-369AF0F1A9A8}.Debug|Any CPU.Build.0 = Debug|Any CPU
		{11B5A3AD-C6DF-4562-8EEA-369AF0F1A9A8}.Release|Any CPU.ActiveCfg = Release|Any CPU
		{11B5A3AD-C6DF-4562-8EEA-369AF0F1A9A8}.Release|Any CPU.Build.0 = Release|Any CPU
		{57F08C3F-2E8C-46EB-9914-181D930FA168}.Debug|Any CPU.ActiveCfg = Debug|Any CPU
		{57F08C3F-2E8C-46EB-9914-181D930FA168}.Debug|Any CPU.Build.0 = Debug|Any CPU
		{57F08C3F-2E8C-46EB-9914-181D930FA168}.Release|Any CPU.ActiveCfg = Release|Any CPU
		{57F08C3F-2E8C-46EB-9914-181D930FA168}.Release|Any CPU.Build.0 = Release|Any CPU
	EndGlobalSection
	GlobalSection(SolutionProperties) = preSolution
		HideSolutionNode = FALSE
	EndGlobalSection
	GlobalSection(ExtensibilityGlobals) = postSolution
		SolutionGuid = {DF8736E6-835A-4596-922F-260EE1560F71}
	EndGlobalSection
EndGlobal
